
Microsoft Visual Studio Solution File, Format Version 12.00
# Visual Studio 15
VisualStudioVersion = 15.0.26124.0
MinimumVisualStudioVersion = 15.0.26124.0
Project("{FAE04EC0-301F-11D3-BF4B-00C04F79EFBC}") = "API", "API\API.csproj", "{E09A40F9-F318-4BEC-8309-332303AB783C}"
EndProject
Project("{FAE04EC0-301F-11D3-BF4B-00C04F79EFBC}") = "Application", "Application\Application.csproj", "{4EBEAA54-ACEA-423F-96AD-480AEA8279D7}"
EndProject
Project("{FAE04EC0-301F-11D3-BF4B-00C04F79EFBC}") = "Persistence", "Persistence\Persistence.csproj", "{61489E42-6CF9-47B6-B6F6-D962EE04F127}"
EndProject
Project("{FAE04EC0-301F-11D3-BF4B-00C04F79EFBC}") = "Domain", "Domain\Domain.csproj", "{A88857A6-51E1-4967-93DA-0947DB336594}"
EndProject
Global
	GlobalSection(SolutionConfigurationPlatforms) = preSolution
		Debug|Any CPU = Debug|Any CPU
		Debug|x64 = Debug|x64
		Debug|x86 = Debug|x86
		Release|Any CPU = Release|Any CPU
		Release|x64 = Release|x64
		Release|x86 = Release|x86
	EndGlobalSection
	GlobalSection(SolutionProperties) = preSolution
		HideSolutionNode = FALSE
	EndGlobalSection
	GlobalSection(ProjectConfigurationPlatforms) = postSolution
		{E09A40F9-F318-4BEC-8309-332303AB783C}.Debug|Any CPU.ActiveCfg = Debug|Any CPU
		{E09A40F9-F318-4BEC-8309-332303AB783C}.Debug|Any CPU.Build.0 = Debug|Any CPU
		{E09A40F9-F318-4BEC-8309-332303AB783C}.Debug|x64.ActiveCfg = Debug|Any CPU
		{E09A40F9-F318-4BEC-8309-332303AB783C}.Debug|x64.Build.0 = Debug|Any CPU
		{E09A40F9-F318-4BEC-8309-332303AB783C}.Debug|x86.ActiveCfg = Debug|Any CPU
		{E09A40F9-F318-4BEC-8309-332303AB783C}.Debug|x86.Build.0 = Debug|Any CPU
		{E09A40F9-F318-4BEC-8309-332303AB783C}.Release|Any CPU.ActiveCfg = Release|Any CPU
		{E09A40F9-F318-4BEC-8309-332303AB783C}.Release|Any CPU.Build.0 = Release|Any CPU
		{E09A40F9-F318-4BEC-8309-332303AB783C}.Release|x64.ActiveCfg = Release|Any CPU
		{E09A40F9-F318-4BEC-8309-332303AB783C}.Release|x64.Build.0 = Release|Any CPU
		{E09A40F9-F318-4BEC-8309-332303AB783C}.Release|x86.ActiveCfg = Release|Any CPU
		{E09A40F9-F318-4BEC-8309-332303AB783C}.Release|x86.Build.0 = Release|Any CPU
		{4EBEAA54-ACEA-423F-96AD-480AEA8279D7}.Debug|Any CPU.ActiveCfg = Debug|Any CPU
		{4EBEAA54-ACEA-423F-96AD-480AEA8279D7}.Debug|Any CPU.Build.0 = Debug|Any CPU
		{4EBEAA54-ACEA-423F-96AD-480AEA8279D7}.Debug|x64.ActiveCfg = Debug|Any CPU
		{4EBEAA54-ACEA-423F-96AD-480AEA8279D7}.Debug|x64.Build.0 = Debug|Any CPU
		{4EBEAA54-ACEA-423F-96AD-480AEA8279D7}.Debug|x86.ActiveCfg = Debug|Any CPU
		{4EBEAA54-ACEA-423F-96AD-480AEA8279D7}.Debug|x86.Build.0 = Debug|Any CPU
		{4EBEAA54-ACEA-423F-96AD-480AEA8279D7}.Release|Any CPU.ActiveCfg = Release|Any CPU
		{4EBEAA54-ACEA-423F-96AD-480AEA8279D7}.Release|Any CPU.Build.0 = Release|Any CPU
		{4EBEAA54-ACEA-423F-96AD-480AEA8279D7}.Release|x64.ActiveCfg = Release|Any CPU
		{4EBEAA54-ACEA-423F-96AD-480AEA8279D7}.Release|x64.Build.0 = Release|Any CPU
		{4EBEAA54-ACEA-423F-96AD-480AEA8279D7}.Release|x86.ActiveCfg = Release|Any CPU
		{4EBEAA54-ACEA-423F-96AD-480AEA8279D7}.Release|x86.Build.0 = Release|Any CPU
		{61489E42-6CF9-47B6-B6F6-D962EE04F127}.Debug|Any CPU.ActiveCfg = Debug|Any CPU
		{61489E42-6CF9-47B6-B6F6-D962EE04F127}.Debug|Any CPU.Build.0 = Debug|Any CPU
		{61489E42-6CF9-47B6-B6F6-D962EE04F127}.Debug|x64.ActiveCfg = Debug|Any CPU
		{61489E42-6CF9-47B6-B6F6-D962EE04F127}.Debug|x64.Build.0 = Debug|Any CPU
		{61489E42-6CF9-47B6-B6F6-D962EE04F127}.Debug|x86.ActiveCfg = Debug|Any CPU
		{61489E42-6CF9-47B6-B6F6-D962EE04F127}.Debug|x86.Build.0 = Debug|Any CPU
		{61489E42-6CF9-47B6-B6F6-D962EE04F127}.Release|Any CPU.ActiveCfg = Release|Any CPU
		{61489E42-6CF9-47B6-B6F6-D962EE04F127}.Release|Any CPU.Build.0 = Release|Any CPU
		{61489E42-6CF9-47B6-B6F6-D962EE04F127}.Release|x64.ActiveCfg = Release|Any CPU
		{61489E42-6CF9-47B6-B6F6-D962EE04F127}.Release|x64.Build.0 = Release|Any CPU
		{61489E42-6CF9-47B6-B6F6-D962EE04F127}.Release|x86.ActiveCfg = Release|Any CPU
		{61489E42-6CF9-47B6-B6F6-D962EE04F127}.Release|x86.Build.0 = Release|Any CPU
		{A88857A6-51E1-4967-93DA-0947DB336594}.Debug|Any CPU.ActiveCfg = Debug|Any CPU
		{A88857A6-51E1-4967-93DA-0947DB336594}.Debug|Any CPU.Build.0 = Debug|Any CPU
		{A88857A6-51E1-4967-93DA-0947DB336594}.Debug|x64.ActiveCfg = Debug|Any CPU
		{A88857A6-51E1-4967-93DA-0947DB336594}.Debug|x64.Build.0 = Debug|Any CPU
		{A88857A6-51E1-4967-93DA-0947DB336594}.Debug|x86.ActiveCfg = Debug|Any CPU
		{A88857A6-51E1-4967-93DA-0947DB336594}.Debug|x86.Build.0 = Debug|Any CPU
		{A88857A6-51E1-4967-93DA-0947DB336594}.Release|Any CPU.ActiveCfg = Release|Any CPU
		{A88857A6-51E1-4967-93DA-0947DB336594}.Release|Any CPU.Build.0 = Release|Any CPU
		{A88857A6-51E1-4967-93DA-0947DB336594}.Release|x64.ActiveCfg = Release|Any CPU
		{A88857A6-51E1-4967-93DA-0947DB336594}.Release|x64.Build.0 = Release|Any CPU
		{A88857A6-51E1-4967-93DA-0947DB336594}.Release|x86.ActiveCfg = Release|Any CPU
		{A88857A6-51E1-4967-93DA-0947DB336594}.Release|x86.Build.0 = Release|Any CPU
	EndGlobalSection
EndGlobal
